
Microsoft Visual Studio Solution File, Format Version 12.00
# Visual Studio Version 17
VisualStudioVersion = 17.5.33530.505
MinimumVisualStudioVersion = 10.0.40219.1
Project("{FAE04EC0-301F-11D3-BF4B-00C04F79EFBC}") = "Almacen", "Almacen.csproj", "{EFAA4689-55FC-4F6D-A81F-70C6B79E981B}"
EndProject
Global
	GlobalSection(SolutionConfigurationPlatforms) = preSolution
		Debug|Any CPU = Debug|Any CPU
		Release|Any CPU = Release|Any CPU
	EndGlobalSection
	GlobalSection(ProjectConfigurationPlatforms) = postSolution
		{EFAA4689-55FC-4F6D-A81F-70C6B79E981B}.Debug|Any CPU.ActiveCfg = Debug|Any CPU
		{EFAA4689-55FC-4F6D-A81F-70C6B79E981B}.Debug|Any CPU.Build.0 = Debug|Any CPU
		{EFAA4689-55FC-4F6D-A81F-70C6B79E981B}.Release|Any CPU.ActiveCfg = Release|Any CPU
		{EFAA4689-55FC-4F6D-A81F-70C6B79E981B}.Release|Any CPU.Build.0 = Release|Any CPU
	EndGlobalSection
	GlobalSection(SolutionProperties) = preSolution
		HideSolutionNode = FALSE
	EndGlobalSection
	GlobalSection(ExtensibilityGlobals) = postSolution
		SolutionGuid = {20132CFE-551C-4CE7-99FB-A035CAE30C66}
	EndGlobalSection
EndGlobal
